// !$*UTF8*$!
{
	archiveVersion = 1;
	classes = {
	};
	objectVersion = 50;
	objects = {

/* Begin PBXBuildFile section */
		AEF98F2B23863DB300DB911A /* AppDelegate.swift in Sources */ = {isa = PBXBuildFile; fileRef = AEF98F2A23863DB300DB911A /* AppDelegate.swift */; };
		AEF98F2D23863DB300DB911A /* SceneDelegate.swift in Sources */ = {isa = PBXBuildFile; fileRef = AEF98F2C23863DB300DB911A /* SceneDelegate.swift */; };
		AEF98F3023863DB300DB911A /* TAFE_Wallet.xcdatamodeld in Sources */ = {isa = PBXBuildFile; fileRef = AEF98F2E23863DB300DB911A /* TAFE_Wallet.xcdatamodeld */; };
		AEF98F3223863DB300DB911A /* ContentView.swift in Sources */ = {isa = PBXBuildFile; fileRef = AEF98F3123863DB300DB911A /* ContentView.swift */; };
		AEF98F3423863DB400DB911A /* Assets.xcassets in Resources */ = {isa = PBXBuildFile; fileRef = AEF98F3323863DB400DB911A /* Assets.xcassets */; };
		AEF98F3723863DB400DB911A /* Preview Assets.xcassets in Resources */ = {isa = PBXBuildFile; fileRef = AEF98F3623863DB400DB911A /* Preview Assets.xcassets */; };
		AEF98F3A23863DB400DB911A /* LaunchScreen.storyboard in Resources */ = {isa = PBXBuildFile; fileRef = AEF98F3823863DB400DB911A /* LaunchScreen.storyboard */; };
/* End PBXBuildFile section */

/* Begin PBXFileReference section */
		AEF98F2723863DB300DB911A /* TAFE Wallet.app */ = {isa = PBXFileReference; explicitFileType = wrapper.application; includeInIndex = 0; path = "TAFE Wallet.app"; sourceTree = BUILT_PRODUCTS_DIR; };
		AEF98F2A23863DB300DB911A /* AppDelegate.swift */ = {isa = PBXFileReference; lastKnownFileType = sourcecode.swift; path = AppDelegate.swift; sourceTree = "<group>"; };
		AEF98F2C23863DB300DB911A /* SceneDelegate.swift */ = {isa = PBXFileReference; lastKnownFileType = sourcecode.swift; path = SceneDelegate.swift; sourceTree = "<group>"; };
		AEF98F2F23863DB300DB911A /* TAFE_Wallet.xcdatamodel */ = {isa = PBXFileReference; lastKnownFileType = wrapper.xcdatamodel; path = TAFE_Wallet.xcdatamodel; sourceTree = "<group>"; };
		AEF98F3123863DB300DB911A /* ContentView.swift */ = {isa = PBXFileReference; lastKnownFileType = sourcecode.swift; path = ContentView.swift; sourceTree = "<group>"; };
		AEF98F3323863DB400DB911A /* Assets.xcassets */ = {isa = PBXFileReference; lastKnownFileType = folder.assetcatalog; path = Assets.xcassets; sourceTree = "<group>"; };
		AEF98F3623863DB400DB911A /* Preview Assets.xcassets */ = {isa = PBXFileReference; lastKnownFileType = folder.assetcatalog; path = "Preview Assets.xcassets"; sourceTree = "<group>"; };
		AEF98F3923863DB400DB911A /* Base */ = {isa = PBXFileReference; lastKnownFileType = file.storyboard; name = Base; path = Base.lproj/LaunchScreen.storyboard; sourceTree = "<group>"; };
		AEF98F3B23863DB400DB911A /* Info.plist */ = {isa = PBXFileReference; lastKnownFileType = text.plist.xml; path = Info.plist; sourceTree = "<group>"; };
/* End PBXFileReference section */

/* Begin PBXFrameworksBuildPhase section */
		AEF98F2423863DB300DB911A /* Frameworks */ = {
			isa = PBXFrameworksBuildPhase;
			buildActionMask = 2147483647;
			files = (
			);
			runOnlyForDeploymentPostprocessing = 0;
		};
/* End PBXFrameworksBuildPhase section */

/* Begin PBXGroup section */
		AEF98F1E23863DB300DB911A = {
			isa = PBXGroup;
			children = (
				AEF98F2923863DB300DB911A /* TAFE Wallet */,
				AEF98F2823863DB300DB911A /* Products */,
			);
			sourceTree = "<group>";
		};
		AEF98F2823863DB300DB911A /* Products */ = {
			isa = PBXGroup;
			children = (
				AEF98F2723863DB300DB911A /* TAFE Wallet.app */,
			);
			name = Products;
			sourceTree = "<group>";
		};
		AEF98F2923863DB300DB911A /* TAFE Wallet */ = {
			isa = PBXGroup;
			children = (
				AEF98F2A23863DB300DB911A /* AppDelegate.swift */,
				AEF98F2C23863DB300DB911A /* SceneDelegate.swift */,
				AEF98F3123863DB300DB911A /* ContentView.swift */,
				AEF98F3323863DB400DB911A /* Assets.xcassets */,
				AEF98F3823863DB400DB911A /* LaunchScreen.storyboard */,
				AEF98F3B23863DB400DB911A /* Info.plist */,
				AEF98F2E23863DB300DB911A /* TAFE_Wallet.xcdatamodeld */,
				AEF98F3523863DB400DB911A /* Preview Content */,
			);
			path = "TAFE Wallet";
			sourceTree = "<group>";
		};
		AEF98F3523863DB400DB911A /* Preview Content */ = {
			isa = PBXGroup;
			children = (
				AEF98F3623863DB400DB911A /* Preview Assets.xcassets */,
			);
			path = "Preview Content";
			sourceTree = "<group>";
		};
/* End PBXGroup section */

/* Begin PBXNativeTarget section */
		AEF98F2623863DB300DB911A /* TAFE Wallet */ = {
			isa = PBXNativeTarget;
			buildConfigurationList = AEF98F3E23863DB400DB911A /* Build configuration list for PBXNativeTarget "TAFE Wallet" */;
			buildPhases = (
				AEF98F2323863DB300DB911A /* Sources */,
				AEF98F2423863DB300DB911A /* Frameworks */,
				AEF98F2523863DB300DB911A /* Resources */,
			);
			buildRules = (
			);
			dependencies = (
			);
			name = "TAFE Wallet";
			productName = "TAFE Wallet";
			productReference = AEF98F2723863DB300DB911A /* TAFE Wallet.app */;
			productType = "com.apple.product-type.application";
		};
/* End PBXNativeTarget section */

/* Begin PBXProject section */
		AEF98F1F23863DB300DB911A /* Project object */ = {
			isa = PBXProject;
			attributes = {
				LastSwiftUpdateCheck = 1120;
				LastUpgradeCheck = 1120;
				ORGANIZATIONNAME = "Yuan Cheng";
				TargetAttributes = {
					AEF98F2623863DB300DB911A = {
						CreatedOnToolsVersion = 11.2.1;
					};
				};
			};
			buildConfigurationList = AEF98F2223863DB300DB911A /* Build configuration list for PBXProject "TAFE Wallet" */;
			compatibilityVersion = "Xcode 9.3";
			developmentRegion = en;
			hasScannedForEncodings = 0;
			knownRegions = (
				en,
				Base,
			);
			mainGroup = AEF98F1E23863DB300DB911A;
			productRefGroup = AEF98F2823863DB300DB911A /* Products */;
			projectDirPath = "";
			projectRoot = "";
			targets = (
				AEF98F2623863DB300DB911A /* TAFE Wallet */,
			);
		};
/* End PBXProject section */

/* Begin PBXResourcesBuildPhase section */
		AEF98F2523863DB300DB911A /* Resources */ = {
			isa = PBXResourcesBuildPhase;
			buildActionMask = 2147483647;
			files = (
				AEF98F3A23863DB400DB911A /* LaunchScreen.storyboard in Resources */,
				AEF98F3723863DB400DB911A /* Preview Assets.xcassets in Resources */,
				AEF98F3423863DB400DB911A /* Assets.xcassets in Resources */,
			);
			runOnlyForDeploymentPostprocessing = 0;
		};
/* End PBXResourcesBuildPhase section */

/* Begin PBXSourcesBuildPhase section */
		AEF98F2323863DB300DB911A /* Sources */ = {
			isa = PBXSourcesBuildPhase;
			buildActionMask = 2147483647;
			files = (
				AEF98F3023863DB300DB911A /* TAFE_Wallet.xcdatamodeld in Sources */,
				AEF98F2B23863DB300DB911A /* AppDelegate.swift in Sources */,
				AEF98F3223863DB300DB911A /* ContentView.swift in Sources */,
				AEF98F2D23863DB300DB911A /* SceneDelegate.swift in Sources */,
			);
			runOnlyForDeploymentPostprocessing = 0;
		};
/* End PBXSourcesBuildPhase section */

/* Begin PBXVariantGroup section */
		AEF98F3823863DB400DB911A /* LaunchScreen.storyboard */ = {
			isa = PBXVariantGroup;
			children = (
				AEF98F3923863DB400DB911A /* Base */,
			);
			name = LaunchScreen.storyboard;
			sourceTree = "<group>";
		};
/* End PBXVariantGroup section */

/* Begin XCBuildConfiguration section */
		AEF98F3C23863DB400DB911A /* Debug */ = {
			isa = XCBuildConfiguration;
			buildSettings = {
				ALWAYS_SEARCH_USER_PATHS = NO;
				CLANG_ANALYZER_NONNULL = YES;
				CLANG_ANALYZER_NUMBER_OBJECT_CONVERSION = YES_AGGRESSIVE;
				CLANG_CXX_LANGUAGE_STANDARD = "gnu++14";
				CLANG_CXX_LIBRARY = "libc++";
				CLANG_ENABLE_MODULES = YES;
				CLANG_ENABLE_OBJC_ARC = YES;
				CLANG_ENABLE_OBJC_WEAK = YES;
				CLANG_WARN_BLOCK_CAPTURE_AUTORELEASING = YES;
				CLANG_WARN_BOOL_CONVERSION = YES;
				CLANG_WARN_COMMA = YES;
				CLANG_WARN_CONSTANT_CONVERSION = YES;
				CLANG_WARN_DEPRECATED_OBJC_IMPLEMENTATIONS = YES;
				CLANG_WARN_DIRECT_OBJC_ISA_USAGE = YES_ERROR;
				CLANG_WARN_DOCUMENTATION_COMMENTS = YES;
				CLANG_WARN_EMPTY_BODY = YES;
				CLANG_WARN_ENUM_CONVERSION = YES;
				CLANG_WARN_INFINITE_RECURSION = YES;
				CLANG_WARN_INT_CONVERSION = YES;
				CLANG_WARN_NON_LITERAL_NULL_CONVERSION = YES;
				CLANG_WARN_OBJC_IMPLICIT_RETAIN_SELF = YES;
				CLANG_WARN_OBJC_LITERAL_CONVERSION = YES;
				CLANG_WARN_OBJC_ROOT_CLASS = YES_ERROR;
				CLANG_WARN_RANGE_LOOP_ANALYSIS = YES;
				CLANG_WARN_STRICT_PROTOTYPES = YES;
				CLANG_WARN_SUSPICIOUS_MOVE = YES;
				CLANG_WARN_UNGUARDED_AVAILABILITY = YES_AGGRESSIVE;
				CLANG_WARN_UNREACHABLE_CODE = YES;
				CLANG_WARN__DUPLICATE_METHOD_MATCH = YES;
				COPY_PHASE_STRIP = NO;
				DEBUG_INFORMATION_FORMAT = dwarf;
				ENABLE_STRICT_OBJC_MSGSEND = YES;
				ENABLE_TESTABILITY = YES;
				GCC_C_LANGUAGE_STANDARD = gnu11;
				GCC_DYNAMIC_NO_PIC = NO;
				GCC_NO_COMMON_BLOCKS = YES;
				GCC_OPTIMIZATION_LEVEL = 0;
				GCC_PREPROCESSOR_DEFINITIONS = (
					"DEBUG=1",
					"$(inherited)",
				);
				GCC_WARN_64_TO_32_BIT_CONVERSION = YES;
				GCC_WARN_ABOUT_RETURN_TYPE = YES_ERROR;
				GCC_WARN_UNDECLARED_SELECTOR = YES;
				GCC_WARN_UNINITIALIZED_AUTOS = YES_AGGRESSIVE;
				GCC_WARN_UNUSED_FUNCTION = YES;
				GCC_WARN_UNUSED_VARIABLE = YES;
				IPHONEOS_DEPLOYMENT_TARGET = 13.2;
				MTL_ENABLE_DEBUG_INFO = INCLUDE_SOURCE;
				MTL_FAST_MATH = YES;
				ONLY_ACTIVE_ARCH = YES;
				SDKROOT = iphoneos;
				SWIFT_ACTIVE_COMPILATION_CONDITIONS = DEBUG;
				SWIFT_OPTIMIZATION_LEVEL = "-Onone";
			};
			name = Debug;
		};
		AEF98F3D23863DB400DB911A /* Release */ = {
			isa = XCBuildConfiguration;
			buildSettings = {
				ALWAYS_SEARCH_USER_PATHS = NO;
				CLANG_ANALYZER_NONNULL = YES;
				CLANG_ANALYZER_NUMBER_OBJECT_CONVERSION = YES_AGGRESSIVE;
				CLANG_CXX_LANGUAGE_STANDARD = "gnu++14";
				CLANG_CXX_LIBRARY = "libc++";
				CLANG_ENABLE_MODULES = YES;
				CLANG_ENABLE_OBJC_ARC = YES;
				CLANG_ENABLE_OBJC_WEAK = YES;
				CLANG_WARN_BLOCK_CAPTURE_AUTORELEASING = YES;
				CLANG_WARN_BOOL_CONVERSION = YES;
				CLANG_WARN_COMMA = YES;
				CLANG_WARN_CONSTANT_CONVERSION = YES;
				CLANG_WARN_DEPRECATED_OBJC_IMPLEMENTATIONS = YES;
				CLANG_WARN_DIRECT_OBJC_ISA_USAGE = YES_ERROR;
				CLANG_WARN_DOCUMENTATION_COMMENTS = YES;
				CLANG_WARN_EMPTY_BODY = YES;
				CLANG_WARN_ENUM_CONVERSION = YES;
				CLANG_WARN_INFINITE_RECURSION = YES;
				CLANG_WARN_INT_CONVERSION = YES;
				CLANG_WARN_NON_LITERAL_NULL_CONVERSION = YES;
				CLANG_WARN_OBJC_IMPLICIT_RETAIN_SELF = YES;
				CLANG_WARN_OBJC_LITERAL_CONVERSION = YES;
				CLANG_WARN_OBJC_ROOT_CLASS = YES_ERROR;
				CLANG_WARN_RANGE_LOOP_ANALYSIS = YES;
				CLANG_WARN_STRICT_PROTOTYPES = YES;
				CLANG_WARN_SUSPICIOUS_MOVE = YES;
				CLANG_WARN_UNGUARDED_AVAILABILITY = YES_AGGRESSIVE;
				CLANG_WARN_UNREACHABLE_CODE = YES;
				CLANG_WARN__DUPLICATE_METHOD_MATCH = YES;
				COPY_PHASE_STRIP = NO;
				DEBUG_INFORMATION_FORMAT = "dwarf-with-dsym";
				ENABLE_NS_ASSERTIONS = NO;
				ENABLE_STRICT_OBJC_MSGSEND = YES;
				GCC_C_LANGUAGE_STANDARD = gnu11;
				GCC_NO_COMMON_BLOCKS = YES;
				GCC_WARN_64_TO_32_BIT_CONVERSION = YES;
				GCC_WARN_ABOUT_RETURN_TYPE = YES_ERROR;
				GCC_WARN_UNDECLARED_SELECTOR = YES;
				GCC_WARN_UNINITIALIZED_AUTOS = YES_AGGRESSIVE;
				GCC_WARN_UNUSED_FUNCTION = YES;
				GCC_WARN_UNUSED_VARIABLE = YES;
				IPHONEOS_DEPLOYMENT_TARGET = 13.2;
				MTL_ENABLE_DEBUG_INFO = NO;
				MTL_FAST_MATH = YES;
				SDKROOT = iphoneos;
				SWIFT_COMPILATION_MODE = wholemodule;
				SWIFT_OPTIMIZATION_LEVEL = "-O";
				VALIDATE_PRODUCT = YES;
			};
			name = Release;
		};
		AEF98F3F23863DB400DB911A /* Debug */ = {
			isa = XCBuildConfiguration;
			buildSettings = {
				ASSETCATALOG_COMPILER_APPICON_NAME = AppIcon;
				CODE_SIGN_STYLE = Automatic;
				DEVELOPMENT_ASSET_PATHS = "\"TAFE Wallet/Preview Content\"";
				DEVELOPMENT_TEAM = 5SVL6S654Z;
				ENABLE_PREVIEWS = YES;
				INFOPLIST_FILE = "TAFE Wallet/Info.plist";
				LD_RUNPATH_SEARCH_PATHS = (
					"$(inherited)",
					"@executable_path/Frameworks",
				);
				PRODUCT_BUNDLE_IDENTIFIER = "com.unicard.TAFE-Wallet";
				PRODUCT_NAME = "$(TARGET_NAME)";
				SWIFT_VERSION = 5.0;
				TARGETED_DEVICE_FAMILY = "1,2";
			};
			name = Debug;
		};
		AEF98F4023863DB400DB911A /* Release */ = {
			isa = XCBuildConfiguration;
			buildSettings = {
				ASSETCATALOG_COMPILER_APPICON_NAME = AppIcon;
				CODE_SIGN_STYLE = Automatic;
				DEVELOPMENT_ASSET_PATHS = "\"TAFE Wallet/Preview Content\"";
				DEVELOPMENT_TEAM = 5SVL6S654Z;
				ENABLE_PREVIEWS = YES;
				INFOPLIST_FILE = "TAFE Wallet/Info.plist";
				LD_RUNPATH_SEARCH_PATHS = (
					"$(inherited)",
					"@executable_path/Frameworks",
				);
				PRODUCT_BUNDLE_IDENTIFIER = "com.unicard.TAFE-Wallet";
				PRODUCT_NAME = "$(TARGET_NAME)";
				SWIFT_VERSION = 5.0;
				TARGETED_DEVICE_FAMILY = "1,2";
			};
			name = Release;
		};
/* End XCBuildConfiguration section */

/* Begin XCConfigurationList section */
		AEF98F2223863DB300DB911A /* Build configuration list for PBXProject "TAFE Wallet" */ = {
			isa = XCConfigurationList;
			buildConfigurations = (
				AEF98F3C23863DB400DB911A /* Debug */,
				AEF98F3D23863DB400DB911A /* Release */,
			);
			defaultConfigurationIsVisible = 0;
			defaultConfigurationName = Release;
		};
		AEF98F3E23863DB400DB911A /* Build configuration list for PBXNativeTarget "TAFE Wallet" */ = {
			isa = XCConfigurationList;
			buildConfigurations = (
				AEF98F3F23863DB400DB911A /* Debug */,
				AEF98F4023863DB400DB911A /* Release */,
			);
			defaultConfigurationIsVisible = 0;
			defaultConfigurationName = Release;
		};
/* End XCConfigurationList section */

/* Begin XCVersionGroup section */
		AEF98F2E23863DB300DB911A /* TAFE_Wallet.xcdatamodeld */ = {
			isa = XCVersionGroup;
			children = (
				AEF98F2F23863DB300DB911A /* TAFE_Wallet.xcdatamodel */,
			);
			currentVersion = AEF98F2F23863DB300DB911A /* TAFE_Wallet.xcdatamodel */;
			path = TAFE_Wallet.xcdatamodeld;
			sourceTree = "<group>";
			versionGroupType = wrapper.xcdatamodel;
		};
/* End XCVersionGroup section */
	};
	rootObject = AEF98F1F23863DB300DB911A /* Project object */;
}
